
Microsoft Visual Studio Solution File, Format Version 12.00
# Visual Studio Version 17
VisualStudioVersion = 17.4.33110.190
MinimumVisualStudioVersion = 10.0.40219.1
Project("{FAE04EC0-301F-11D3-BF4B-00C04F79EFBC}") = "ClassLibrary", "ClassLibrary.csproj", "{235E4433-AD82-4DC9-B36F-A80FB12B4750}"
EndProject
Global
	GlobalSection(SolutionConfigurationPlatforms) = preSolution
		Debug|Any CPU = Debug|Any CPU
		Release|Any CPU = Release|Any CPU
	EndGlobalSection
	GlobalSection(ProjectConfigurationPlatforms) = postSolution
		{235E4433-AD82-4DC9-B36F-A80FB12B4750}.Debug|Any CPU.ActiveCfg = Debug|Any CPU
		{235E4433-AD82-4DC9-B36F-A80FB12B4750}.Debug|Any CPU.Build.0 = Debug|Any CPU
		{235E4433-AD82-4DC9-B36F-A80FB12B4750}.Release|Any CPU.ActiveCfg = Release|Any CPU
		{235E4433-AD82-4DC9-B36F-A80FB12B4750}.Release|Any CPU.Build.0 = Release|Any CPU
	EndGlobalSection
	GlobalSection(SolutionProperties) = preSolution
		HideSolutionNode = FALSE
	EndGlobalSection
	GlobalSection(ExtensibilityGlobals) = postSolution
		SolutionGuid = {7F5545B8-99F8-42E4-B564-1EC364F59DC5}
	EndGlobalSection
EndGlobal
