
Microsoft Visual Studio Solution File, Format Version 12.00
# Visual Studio Version 17
VisualStudioVersion = 17.5.33424.131
MinimumVisualStudioVersion = 10.0.40219.1
Project("{9A19103F-16F7-4668-BE54-9A1E7A4F7556}") = "ToDoWpfApp", "ToDoWpfApp.csproj", "{15E5B62C-C380-43F7-8D27-6D198B261E56}"
EndProject
Project("{9A19103F-16F7-4668-BE54-9A1E7A4F7556}") = "ClassLibrary", "..\ClassLibrary\ClassLibrary.csproj", "{14D7E9AE-4833-4743-A56C-388D36E8527C}"
EndProject
Global
	GlobalSection(SolutionConfigurationPlatforms) = preSolution
		Debug|Any CPU = Debug|Any CPU
		Release|Any CPU = Release|Any CPU
	EndGlobalSection
	GlobalSection(ProjectConfigurationPlatforms) = postSolution
		{15E5B62C-C380-43F7-8D27-6D198B261E56}.Debug|Any CPU.ActiveCfg = Debug|Any CPU
		{15E5B62C-C380-43F7-8D27-6D198B261E56}.Debug|Any CPU.Build.0 = Debug|Any CPU
		{15E5B62C-C380-43F7-8D27-6D198B261E56}.Release|Any CPU.ActiveCfg = Release|Any CPU
		{15E5B62C-C380-43F7-8D27-6D198B261E56}.Release|Any CPU.Build.0 = Release|Any CPU
		{14D7E9AE-4833-4743-A56C-388D36E8527C}.Debug|Any CPU.ActiveCfg = Debug|Any CPU
		{14D7E9AE-4833-4743-A56C-388D36E8527C}.Debug|Any CPU.Build.0 = Debug|Any CPU
		{14D7E9AE-4833-4743-A56C-388D36E8527C}.Release|Any CPU.ActiveCfg = Release|Any CPU
		{14D7E9AE-4833-4743-A56C-388D36E8527C}.Release|Any CPU.Build.0 = Release|Any CPU
	EndGlobalSection
	GlobalSection(SolutionProperties) = preSolution
		HideSolutionNode = FALSE
	EndGlobalSection
	GlobalSection(ExtensibilityGlobals) = postSolution
		SolutionGuid = {982914A2-94AA-43DD-9EF6-4D7EBF2BD66A}
	EndGlobalSection
EndGlobal
